
Microsoft Visual Studio Solution File, Format Version 12.00
Project("{FAE04EC0-301F-11D3-BF4B-00C04F79EFBC}") = "OrderManagementSystem.API", "OrderManagementSystem.API\OrderManagementSystem.API.csproj", "{F972D252-867C-4D6A-A62B-61E1FEB11F41}"
EndProject
Global
	GlobalSection(SolutionConfigurationPlatforms) = preSolution
		Debug|Any CPU = Debug|Any CPU
		Release|Any CPU = Release|Any CPU
	EndGlobalSection
	GlobalSection(ProjectConfigurationPlatforms) = postSolution
		{F972D252-867C-4D6A-A62B-61E1FEB11F41}.Debug|Any CPU.ActiveCfg = Debug|Any CPU
		{F972D252-867C-4D6A-A62B-61E1FEB11F41}.Debug|Any CPU.Build.0 = Debug|Any CPU
		{F972D252-867C-4D6A-A62B-61E1FEB11F41}.Release|Any CPU.ActiveCfg = Release|Any CPU
		{F972D252-867C-4D6A-A62B-61E1FEB11F41}.Release|Any CPU.Build.0 = Release|Any CPU
	EndGlobalSection
EndGlobal
